
Microsoft Visual Studio Solution File, Format Version 12.00
# Visual Studio Version 17
VisualStudioVersion = 17.9.34723.18
MinimumVisualStudioVersion = 10.0.40219.1
Project("{9A19103F-16F7-4668-BE54-9A1E7A4F7556}") = "PSKDotNetCore.ConsoleApp", "PSKDotNetCore.ConsoleApp\PSKDotNetCore.ConsoleApp.csproj", "{C42D01C3-A87E-4304-A517-05ED89AF250C}"
EndProject
Project("{2150E333-8FDC-42A3-9474-1A3956D46DE8}") = "Documents", "Documents", "{CC0BED59-1777-4BED-AFA9-4169D9E91CB2}"
	ProjectSection(SolutionItems) = preProject
		DotNetTrainingBatch4.sql = DotNetTrainingBatch4.sql
		README.md = README.md
	EndProjectSection
EndProject
Project("{FAE04EC0-301F-11D3-BF4B-00C04F79EFBC}") = "PSKDotNetCore.RestApi", "PSKDotNetCore.RestApi\PSKDotNetCore.RestApi.csproj", "{5E298819-2F0A-467A-B19F-6A7D33EAE597}"
EndProject
Global
	GlobalSection(SolutionConfigurationPlatforms) = preSolution
		Debug|Any CPU = Debug|Any CPU
		Release|Any CPU = Release|Any CPU
	EndGlobalSection
	GlobalSection(ProjectConfigurationPlatforms) = postSolution
		{C42D01C3-A87E-4304-A517-05ED89AF250C}.Debug|Any CPU.ActiveCfg = Debug|Any CPU
		{C42D01C3-A87E-4304-A517-05ED89AF250C}.Debug|Any CPU.Build.0 = Debug|Any CPU
		{C42D01C3-A87E-4304-A517-05ED89AF250C}.Release|Any CPU.ActiveCfg = Release|Any CPU
		{C42D01C3-A87E-4304-A517-05ED89AF250C}.Release|Any CPU.Build.0 = Release|Any CPU
		{5E298819-2F0A-467A-B19F-6A7D33EAE597}.Debug|Any CPU.ActiveCfg = Debug|Any CPU
		{5E298819-2F0A-467A-B19F-6A7D33EAE597}.Debug|Any CPU.Build.0 = Debug|Any CPU
		{5E298819-2F0A-467A-B19F-6A7D33EAE597}.Release|Any CPU.ActiveCfg = Release|Any CPU
		{5E298819-2F0A-467A-B19F-6A7D33EAE597}.Release|Any CPU.Build.0 = Release|Any CPU
	EndGlobalSection
	GlobalSection(SolutionProperties) = preSolution
		HideSolutionNode = FALSE
	EndGlobalSection
	GlobalSection(ExtensibilityGlobals) = postSolution
		SolutionGuid = {3A934353-27D3-4F18-8A63-08276F46A3BF}
	EndGlobalSection
EndGlobal
