
Microsoft Visual Studio Solution File, Format Version 12.00
# Visual Studio Version 17
VisualStudioVersion = 17.9.34723.18
MinimumVisualStudioVersion = 10.0.40219.1
Project("{9A19103F-16F7-4668-BE54-9A1E7A4F7556}") = "PSKDotNetCore.ConsoleApp", "PSKDotNetCore.ConsoleApp\PSKDotNetCore.ConsoleApp.csproj", "{C42D01C3-A87E-4304-A517-05ED89AF250C}"
EndProject
Project("{2150E333-8FDC-42A3-9474-1A3956D46DE8}") = "Documents", "Documents", "{CC0BED59-1777-4BED-AFA9-4169D9E91CB2}"
	ProjectSection(SolutionItems) = preProject
		DotNetTrainingBatch4.sql = DotNetTrainingBatch4.sql
		README.md = README.md
	EndProjectSection
EndProject
Project("{9A19103F-16F7-4668-BE54-9A1E7A4F7556}") = "PSKDotNetCore.RestApi", "PSKDotNetCore.RestApi\PSKDotNetCore.RestApi.csproj", "{5E298819-2F0A-467A-B19F-6A7D33EAE597}"
EndProject
Project("{9A19103F-16F7-4668-BE54-9A1E7A4F7556}") = "PSKDotNetCore.Shared", "PSKDotNetCore.Shared\PSKDotNetCore.Shared.csproj", "{3D302C17-9B70-4C01-B502-40573DE264DC}"
EndProject
Project("{9A19103F-16F7-4668-BE54-9A1E7A4F7556}") = "PSKDotNetCore.RestApiWithNLayer", "PSKDotNetCore.RestApiWithNLayer\PSKDotNetCore.RestApiWithNLayer.csproj", "{E1FC1916-C51E-4022-82F8-E28A29DD053C}"
EndProject
Project("{9A19103F-16F7-4668-BE54-9A1E7A4F7556}") = "PSKDotNetCore.ConsoleAppHttpClient", "PSKDotNetCore.ConsoleAppHttpClient\PSKDotNetCore.ConsoleAppHttpClient.csproj", "{0FCFDF9D-D8C6-40E7-BE79-EA78A1199EE1}"
EndProject
Project("{9A19103F-16F7-4668-BE54-9A1E7A4F7556}") = "PSKDotNetCore.ConsoleAppHttpClientExamples", "PSKDotNetCore.ConsoleAppHttpClientExamples\PSKDotNetCore.ConsoleAppHttpClientExamples.csproj", "{CF4F9CD3-8C92-4DDC-8864-657E06D0DC7A}"
EndProject
Project("{9A19103F-16F7-4668-BE54-9A1E7A4F7556}") = "PSKDotNetCore.ConsoleAppRestClient", "PSKDotNetCore.RestClient\PSKDotNetCore.ConsoleAppRestClient.csproj", "{172A98EE-A1C3-4B53-89B9-9C73EF951DC1}"
EndProject
Project("{9A19103F-16F7-4668-BE54-9A1E7A4F7556}") = "PSKDotNetCore.WinFormsApp", "PSKDotNetCore.WinFormsApp\PSKDotNetCore.WinFormsApp.csproj", "{8457B829-560C-47F9-961E-B91046D27440}"
EndProject
Project("{9A19103F-16F7-4668-BE54-9A1E7A4F7556}") = "PSKDotNetCore.ConsoleAppRefit", "PSKDotNetCore.ConsoleAppRefit\PSKDotNetCore.ConsoleAppRefit.csproj", "{3275999A-4FBA-4020-90E1-D956EEC4B765}"
EndProject
Project("{9A19103F-16F7-4668-BE54-9A1E7A4F7556}") = "PSKDotNetCore.PizzaApi", "PSKDotNetCore.PizzaApi\PSKDotNetCore.PizzaApi.csproj", "{3CE799DE-39C1-479A-B85A-1AD2ED3CA46A}"
EndProject
Project("{9A19103F-16F7-4668-BE54-9A1E7A4F7556}") = "PSKDotNetCore.WinFormsAppSqlInjection", "PSKDotNetCore.WinFormsAppSqlInjection\PSKDotNetCore.WinFormsAppSqlInjection.csproj", "{D9A21C1A-62C5-4CC8-8F7C-0B163DE009CC}"
EndProject
Project("{9A19103F-16F7-4668-BE54-9A1E7A4F7556}") = "PSKDotNetCore.NLayer.UI", "PSKDotNetCore.NLayer.UI\PSKDotNetCore.NLayer.UI.csproj", "{A195E147-014C-4193-89EB-3366136D135A}"
EndProject
Project("{9A19103F-16F7-4668-BE54-9A1E7A4F7556}") = "PSKDotNetCore.NLayer.BusinessLogic", "PSKDotNetCore.NLayer.BusinessLogic\PSKDotNetCore.NLayer.BusinessLogic.csproj", "{7D01CA48-F50B-4E6A-B426-089ADE2A23D4}"
EndProject
Project("{9A19103F-16F7-4668-BE54-9A1E7A4F7556}") = "PSKDotNetCore.NLayer.DataAccess", "PSKDotNetCore.NLayer.DataAccess\PSKDotNetCore.NLayer.DataAccess.csproj", "{CF592F4D-48EB-4466-B174-EAD5063031C3}"
EndProject
Project("{FAE04EC0-301F-11D3-BF4B-00C04F79EFBC}") = "PSKDotNetCore.MinimalApi", "PSKDotNetCore.MinimalApi\PSKDotNetCore.MinimalApi.csproj", "{75E89B71-7138-4787-819A-FFAE10F0AC6F}"
EndProject
Global
	GlobalSection(SolutionConfigurationPlatforms) = preSolution
		Debug|Any CPU = Debug|Any CPU
		Release|Any CPU = Release|Any CPU
	EndGlobalSection
	GlobalSection(ProjectConfigurationPlatforms) = postSolution
		{C42D01C3-A87E-4304-A517-05ED89AF250C}.Debug|Any CPU.ActiveCfg = Debug|Any CPU
		{C42D01C3-A87E-4304-A517-05ED89AF250C}.Debug|Any CPU.Build.0 = Debug|Any CPU
		{C42D01C3-A87E-4304-A517-05ED89AF250C}.Release|Any CPU.ActiveCfg = Release|Any CPU
		{C42D01C3-A87E-4304-A517-05ED89AF250C}.Release|Any CPU.Build.0 = Release|Any CPU
		{5E298819-2F0A-467A-B19F-6A7D33EAE597}.Debug|Any CPU.ActiveCfg = Debug|Any CPU
		{5E298819-2F0A-467A-B19F-6A7D33EAE597}.Debug|Any CPU.Build.0 = Debug|Any CPU
		{5E298819-2F0A-467A-B19F-6A7D33EAE597}.Release|Any CPU.ActiveCfg = Release|Any CPU
		{5E298819-2F0A-467A-B19F-6A7D33EAE597}.Release|Any CPU.Build.0 = Release|Any CPU
		{3D302C17-9B70-4C01-B502-40573DE264DC}.Debug|Any CPU.ActiveCfg = Debug|Any CPU
		{3D302C17-9B70-4C01-B502-40573DE264DC}.Debug|Any CPU.Build.0 = Debug|Any CPU
		{3D302C17-9B70-4C01-B502-40573DE264DC}.Release|Any CPU.ActiveCfg = Release|Any CPU
		{3D302C17-9B70-4C01-B502-40573DE264DC}.Release|Any CPU.Build.0 = Release|Any CPU
		{E1FC1916-C51E-4022-82F8-E28A29DD053C}.Debug|Any CPU.ActiveCfg = Debug|Any CPU
		{E1FC1916-C51E-4022-82F8-E28A29DD053C}.Debug|Any CPU.Build.0 = Debug|Any CPU
		{E1FC1916-C51E-4022-82F8-E28A29DD053C}.Release|Any CPU.ActiveCfg = Release|Any CPU
		{E1FC1916-C51E-4022-82F8-E28A29DD053C}.Release|Any CPU.Build.0 = Release|Any CPU
		{0FCFDF9D-D8C6-40E7-BE79-EA78A1199EE1}.Debug|Any CPU.ActiveCfg = Debug|Any CPU
		{0FCFDF9D-D8C6-40E7-BE79-EA78A1199EE1}.Debug|Any CPU.Build.0 = Debug|Any CPU
		{0FCFDF9D-D8C6-40E7-BE79-EA78A1199EE1}.Release|Any CPU.ActiveCfg = Release|Any CPU
		{0FCFDF9D-D8C6-40E7-BE79-EA78A1199EE1}.Release|Any CPU.Build.0 = Release|Any CPU
		{CF4F9CD3-8C92-4DDC-8864-657E06D0DC7A}.Debug|Any CPU.ActiveCfg = Debug|Any CPU
		{CF4F9CD3-8C92-4DDC-8864-657E06D0DC7A}.Debug|Any CPU.Build.0 = Debug|Any CPU
		{CF4F9CD3-8C92-4DDC-8864-657E06D0DC7A}.Release|Any CPU.ActiveCfg = Release|Any CPU
		{CF4F9CD3-8C92-4DDC-8864-657E06D0DC7A}.Release|Any CPU.Build.0 = Release|Any CPU
		{172A98EE-A1C3-4B53-89B9-9C73EF951DC1}.Debug|Any CPU.ActiveCfg = Debug|Any CPU
		{172A98EE-A1C3-4B53-89B9-9C73EF951DC1}.Debug|Any CPU.Build.0 = Debug|Any CPU
		{172A98EE-A1C3-4B53-89B9-9C73EF951DC1}.Release|Any CPU.ActiveCfg = Release|Any CPU
		{172A98EE-A1C3-4B53-89B9-9C73EF951DC1}.Release|Any CPU.Build.0 = Release|Any CPU
		{8457B829-560C-47F9-961E-B91046D27440}.Debug|Any CPU.ActiveCfg = Debug|Any CPU
		{8457B829-560C-47F9-961E-B91046D27440}.Debug|Any CPU.Build.0 = Debug|Any CPU
		{8457B829-560C-47F9-961E-B91046D27440}.Release|Any CPU.ActiveCfg = Release|Any CPU
		{8457B829-560C-47F9-961E-B91046D27440}.Release|Any CPU.Build.0 = Release|Any CPU
		{3275999A-4FBA-4020-90E1-D956EEC4B765}.Debug|Any CPU.ActiveCfg = Debug|Any CPU
		{3275999A-4FBA-4020-90E1-D956EEC4B765}.Debug|Any CPU.Build.0 = Debug|Any CPU
		{3275999A-4FBA-4020-90E1-D956EEC4B765}.Release|Any CPU.ActiveCfg = Release|Any CPU
		{3275999A-4FBA-4020-90E1-D956EEC4B765}.Release|Any CPU.Build.0 = Release|Any CPU
		{3CE799DE-39C1-479A-B85A-1AD2ED3CA46A}.Debug|Any CPU.ActiveCfg = Debug|Any CPU
		{3CE799DE-39C1-479A-B85A-1AD2ED3CA46A}.Debug|Any CPU.Build.0 = Debug|Any CPU
		{3CE799DE-39C1-479A-B85A-1AD2ED3CA46A}.Release|Any CPU.ActiveCfg = Release|Any CPU
		{3CE799DE-39C1-479A-B85A-1AD2ED3CA46A}.Release|Any CPU.Build.0 = Release|Any CPU
		{D9A21C1A-62C5-4CC8-8F7C-0B163DE009CC}.Debug|Any CPU.ActiveCfg = Debug|Any CPU
		{D9A21C1A-62C5-4CC8-8F7C-0B163DE009CC}.Debug|Any CPU.Build.0 = Debug|Any CPU
		{D9A21C1A-62C5-4CC8-8F7C-0B163DE009CC}.Release|Any CPU.ActiveCfg = Release|Any CPU
		{D9A21C1A-62C5-4CC8-8F7C-0B163DE009CC}.Release|Any CPU.Build.0 = Release|Any CPU
		{A195E147-014C-4193-89EB-3366136D135A}.Debug|Any CPU.ActiveCfg = Debug|Any CPU
		{A195E147-014C-4193-89EB-3366136D135A}.Debug|Any CPU.Build.0 = Debug|Any CPU
		{A195E147-014C-4193-89EB-3366136D135A}.Release|Any CPU.ActiveCfg = Release|Any CPU
		{A195E147-014C-4193-89EB-3366136D135A}.Release|Any CPU.Build.0 = Release|Any CPU
		{7D01CA48-F50B-4E6A-B426-089ADE2A23D4}.Debug|Any CPU.ActiveCfg = Debug|Any CPU
		{7D01CA48-F50B-4E6A-B426-089ADE2A23D4}.Debug|Any CPU.Build.0 = Debug|Any CPU
		{7D01CA48-F50B-4E6A-B426-089ADE2A23D4}.Release|Any CPU.ActiveCfg = Release|Any CPU
		{7D01CA48-F50B-4E6A-B426-089ADE2A23D4}.Release|Any CPU.Build.0 = Release|Any CPU
		{CF592F4D-48EB-4466-B174-EAD5063031C3}.Debug|Any CPU.ActiveCfg = Debug|Any CPU
		{CF592F4D-48EB-4466-B174-EAD5063031C3}.Debug|Any CPU.Build.0 = Debug|Any CPU
		{CF592F4D-48EB-4466-B174-EAD5063031C3}.Release|Any CPU.ActiveCfg = Release|Any CPU
		{CF592F4D-48EB-4466-B174-EAD5063031C3}.Release|Any CPU.Build.0 = Release|Any CPU
		{75E89B71-7138-4787-819A-FFAE10F0AC6F}.Debug|Any CPU.ActiveCfg = Debug|Any CPU
		{75E89B71-7138-4787-819A-FFAE10F0AC6F}.Debug|Any CPU.Build.0 = Debug|Any CPU
		{75E89B71-7138-4787-819A-FFAE10F0AC6F}.Release|Any CPU.ActiveCfg = Release|Any CPU
		{75E89B71-7138-4787-819A-FFAE10F0AC6F}.Release|Any CPU.Build.0 = Release|Any CPU
	EndGlobalSection
	GlobalSection(SolutionProperties) = preSolution
		HideSolutionNode = FALSE
	EndGlobalSection
	GlobalSection(ExtensibilityGlobals) = postSolution
		SolutionGuid = {3A934353-27D3-4F18-8A63-08276F46A3BF}
	EndGlobalSection
EndGlobal
